github.com/advanced-go/search v0.0.0-20240514220453-4c01498b6a5b h1:AXE+K1qCSPlr+oM8XsPbDh8DVFuQ7YVu2K7Z6vj1zW0=
github.com/advanced-go/search v0.0.0-20240514220453-4c01498b6a5b/go.mod h1:E8kpvlgspkwts0AsBYH/aD46r/F6puGdDcvv+BG7mfo=
github.com/advanced-go/search v0.0.0-20240515133902-dbe5d7df634e h1:XRJRKbZSjPGkMWhOH2NFyRqvk1R93jHotuDBdo1ZEWQ=
github.com/advanced-go/search v0.0.0-20240515133902-dbe5d7df634e/go.mod h1:jKcuflSwvPqJshd4WuYKHGxX+zGkXJjz/D3MN/LBONI=
github.com/advanced-go/search v0.0.0-20240515135543-37db2b375d1b h1:/Q6yLeUYFzGoyLvh/qubv28y2QO3/kMsKZDm1iU5nFo=
github.com/advanced-go/search v0.0.0-20240515135543-37db2b375d1b/go.mod h1:jKcuflSwvPqJshd4WuYKHGxX+zGkXJjz/D3MN/LBONI=
github.com/advanced-go/search v0.0.0-20240515210150-80dfcf453890 h1:NGCSlQmsQc0ZbdZsg9/Ab4SYFBrHSviCmoZiSxXnnvc=
github.com/advanced-go/search v0.0.0-20240515210150-80dfcf453890/go.mod h1:sbo2Q9aQtavvuwzYZU6k8Ktlx9j865whEX5UwN6tID8=
github.com/advanced-go/stdlib v0.0.0-20240515111045-d3c1cb57fb47 h1:MlHpwbwQqHEzZMdBw95qfzMF+xH3PffksFSMhJTM7FM=
github.com/advanced-go/stdlib v0.0.0-20240515111045-d3c1cb57fb47/go.mod h1:bvuWc7Tx57LArgrEvbPxKW4hvIYGS3pw7iG4P6xofoQ=
github.com/advanced-go/stdlib v0.0.0-20240515150926-476a06b6e360 h1:1PiY4lCrkrvIDWP8hQ7jAuZzPFkU20gKNVAE76qhoYE=
github.com/advanced-go/stdlib v0.0.0-20240515150926-476a06b6e360/go.mod h1:bvuWc7Tx57LArgrEvbPxKW4hvIYGS3pw7iG4P6xofoQ=
github.com/advanced-go/stdlib v0.0.0-20240515201543-598f85b22b66 h1:jKoW073XQKQXSw0yfBur2HRjY4CqWVMsxR6lA6MS764=
github.com/advanced-go/stdlib v0.0.0-20240515201543-598f85b22b66/go.mod h1:bvuWc7Tx57LArgrEvbPxKW4hvIYGS3pw7iG4P6xofoQ=
github.com/google/uuid v1.6.0 h1:NIvaJDMOsjHA8n1jAhLSgzrAzy1Hgr+hNrb57e+94F0=
github.com/google/uuid v1.6.0/go.mod h1:TIyPZe4MgqvfeYDBFedMoGGpEw/LqOeaOT+nhxU+yHo=
