github.com/advanced-go/guidance v0.0.0-20240607090837-ecf20f3d588c h1:Xe8oY87B+a+I7tc3ldVVnOkQJWWIsIQeg8lTqqZSAG8=
github.com/advanced-go/guidance v0.0.0-20240607090837-ecf20f3d588c/go.mod h1:Sg18IPTRx22rbwSZpEKifZbSZQKl7XRJ9RKA5Vl8WJ0=
github.com/advanced-go/guidance v0.0.0-20240607124851-436968ef12b6 h1:eKQECNEF1dDU2ne+ZBGXVOqcgvHFQW8L8Arp9YcZPBc=
github.com/advanced-go/guidance v0.0.0-20240607124851-436968ef12b6/go.mod h1:Sg18IPTRx22rbwSZpEKifZbSZQKl7XRJ9RKA5Vl8WJ0=
github.com/advanced-go/guidance v0.0.0-20240608112449-d641e11947f4 h1:O9tkpY/PDriwNAElmyLb/b/FLSjg79ot1JEqug5/HKM=
github.com/advanced-go/guidance v0.0.0-20240608112449-d641e11947f4/go.mod h1:BuiEFTQi3Y72OKXOQf0RZeqrV4qgBaXDKubzENS1p7k=
github.com/advanced-go/observation v0.0.0-20240607090424-1aafa55f7945 h1:G/KdHB0K3rMazxzoZWcPDahpyoFqrFsgX7ZWsmanh+Y=
github.com/advanced-go/observation v0.0.0-20240607090424-1aafa55f7945/go.mod h1:42bibkM7vec9+NfUdhiG5ejXTDzEKj585AOFhHC9EFo=
github.com/advanced-go/observation v0.0.0-20240608112930-bee9f67a59fc h1:VHc/9r2fPDbV0r+/Q1AcJGcBA3POmXX5PSdyilSH0mE=
github.com/advanced-go/observation v0.0.0-20240608112930-bee9f67a59fc/go.mod h1:J7j1afdKcT/UGD6ADRXpti0mCh3COmf9VmjASnqVxQE=
github.com/advanced-go/search v0.0.0-20240607094246-313815068be7 h1:n/UajLp8395ZH5BoWAPhveyNuOCVWZbsqoI3ebLotdU=
github.com/advanced-go/search v0.0.0-20240607094246-313815068be7/go.mod h1:PJvKy6jarZcmPGkixFcvTnGq9rQXZfxSfhVf6ZTBaXk=
github.com/advanced-go/search v0.0.0-20240607100129-dd347da73103 h1:tnA4tNh7LPoG+7rocafhP5jMcAweQ0nh3ccVV7k4Bqs=
github.com/advanced-go/search v0.0.0-20240607100129-dd347da73103/go.mod h1:PJvKy6jarZcmPGkixFcvTnGq9rQXZfxSfhVf6ZTBaXk=
github.com/advanced-go/search v0.0.0-20240608113417-22d7e13bdf7d h1:2fk1dqMwhD0z0QTpxaacJdiFWDy8kCkSfSmiCi8kpHg=
github.com/advanced-go/search v0.0.0-20240608113417-22d7e13bdf7d/go.mod h1:4t+261uw42eFR0gwQvvNdzMmfACMqLLu6xpojRz9KK0=
github.com/advanced-go/search v0.0.0-20240608143907-be4be366150c h1:7VxvHmzE2rjhLhQGQRggSxnLtM3J46oDVAYqMAvrSCM=
github.com/advanced-go/search v0.0.0-20240608143907-be4be366150c/go.mod h1:4t+261uw42eFR0gwQvvNdzMmfACMqLLu6xpojRz9KK0=
github.com/advanced-go/search v0.0.0-20240608152045-03475f366219 h1:2PPFbmFSBUgt4wTuPYr3pQJVleZRpQU+VNbnokwEDvA=
github.com/advanced-go/search v0.0.0-20240608152045-03475f366219/go.mod h1:4t+261uw42eFR0gwQvvNdzMmfACMqLLu6xpojRz9KK0=
github.com/advanced-go/stdlib v0.0.0-20240607083544-0491deb5c330 h1:4eovDLcJhnHeW7dXz+13dKSYXdP/B5vxe7fjn6hhhmI=
github.com/advanced-go/stdlib v0.0.0-20240607083544-0491deb5c330/go.mod h1:bvuWc7Tx57LArgrEvbPxKW4hvIYGS3pw7iG4P6xofoQ=
github.com/advanced-go/stdlib v0.0.0-20240608103643-0ad6b93b732e h1:Hp87BJadKx4qtTWNTAop8KhNBIMvG63Cy5AIS9zXFPY=
github.com/advanced-go/stdlib v0.0.0-20240608103643-0ad6b93b732e/go.mod h1:bvuWc7Tx57LArgrEvbPxKW4hvIYGS3pw7iG4P6xofoQ=
github.com/advanced-go/stdlib v0.0.0-20240608124633-ad57ee13e2a1 h1:d8nPeKf+7p5mZIOyYgIDU5+IFcOWJYT2YKY/dwA7OxY=
github.com/advanced-go/stdlib v0.0.0-20240608124633-ad57ee13e2a1/go.mod h1:bvuWc7Tx57LArgrEvbPxKW4hvIYGS3pw7iG4P6xofoQ=
github.com/advanced-go/stdlib v0.0.0-20240608145711-2fdb88e7168c h1:cad5SGyaQfKCiLVFvOt2K7hSH+xTFTqePrrDifM1ads=
github.com/advanced-go/stdlib v0.0.0-20240608145711-2fdb88e7168c/go.mod h1:bvuWc7Tx57LArgrEvbPxKW4hvIYGS3pw7iG4P6xofoQ=
github.com/google/uuid v1.6.0 h1:NIvaJDMOsjHA8n1jAhLSgzrAzy1Hgr+hNrb57e+94F0=
github.com/google/uuid v1.6.0/go.mod h1:TIyPZe4MgqvfeYDBFedMoGGpEw/LqOeaOT+nhxU+yHo=
